
Microsoft Visual Studio Solution File, Format Version 12.00
# Visual Studio Version 16
VisualStudioVersion = 16.0.29728.190
MinimumVisualStudioVersion = 10.0.40219.1
Project("{8BC9CEB8-8B4A-11D0-8D11-00A0C91BC942}") = "Question19_7", "Question19_7.vcxproj", "{A830C631-1432-4622-A5C6-43C8CCC7DEC5}"
EndProject
Global
	GlobalSection(SolutionConfigurationPlatforms) = preSolution
		Debug|x64 = Debug|x64
		Debug|x86 = Debug|x86
		Release|x64 = Release|x64
		Release|x86 = Release|x86
	EndGlobalSection
	GlobalSection(ProjectConfigurationPlatforms) = postSolution
		{A830C631-1432-4622-A5C6-43C8CCC7DEC5}.Debug|x64.ActiveCfg = Debug|x64
		{A830C631-1432-4622-A5C6-43C8CCC7DEC5}.Debug|x64.Build.0 = Debug|x64
		{A830C631-1432-4622-A5C6-43C8CCC7DEC5}.Debug|x86.ActiveCfg = Debug|Win32
		{A830C631-1432-4622-A5C6-43C8CCC7DEC5}.Debug|x86.Build.0 = Debug|Win32
		{A830C631-1432-4622-A5C6-43C8CCC7DEC5}.Release|x64.ActiveCfg = Release|x64
		{A830C631-1432-4622-A5C6-43C8CCC7DEC5}.Release|x64.Build.0 = Release|x64
		{A830C631-1432-4622-A5C6-43C8CCC7DEC5}.Release|x86.ActiveCfg = Release|Win32
		{A830C631-1432-4622-A5C6-43C8CCC7DEC5}.Release|x86.Build.0 = Release|Win32
	EndGlobalSection
	GlobalSection(SolutionProperties) = preSolution
		HideSolutionNode = FALSE
	EndGlobalSection
	GlobalSection(ExtensibilityGlobals) = postSolution
		SolutionGuid = {EC34DDA2-960A-4CBD-8707-BDDC87AF41E3}
	EndGlobalSection
EndGlobal
